
Microsoft Visual Studio Solution File, Format Version 12.00
# Visual Studio Version 16
VisualStudioVersion = 16.0.29411.108
MinimumVisualStudioVersion = 10.0.40219.1
Project("{FAE04EC0-301F-11D3-BF4B-00C04F79EFBC}") = "Hacktopia", "Hacktopia\Hacktopia.csproj", "{C7A05FBF-28DA-4B8A-B7BB-35C7C347417E}"
EndProject
Global
	GlobalSection(SolutionConfigurationPlatforms) = preSolution
		Debug|Any CPU = Debug|Any CPU
		Release|Any CPU = Release|Any CPU
	EndGlobalSection
	GlobalSection(ProjectConfigurationPlatforms) = postSolution
		{C7A05FBF-28DA-4B8A-B7BB-35C7C347417E}.Debug|Any CPU.ActiveCfg = Debug|Any CPU
		{C7A05FBF-28DA-4B8A-B7BB-35C7C347417E}.Debug|Any CPU.Build.0 = Debug|Any CPU
		{C7A05FBF-28DA-4B8A-B7BB-35C7C347417E}.Release|Any CPU.ActiveCfg = Release|Any CPU
		{C7A05FBF-28DA-4B8A-B7BB-35C7C347417E}.Release|Any CPU.Build.0 = Release|Any CPU
	EndGlobalSection
	GlobalSection(SolutionProperties) = preSolution
		HideSolutionNode = FALSE
	EndGlobalSection
	GlobalSection(ExtensibilityGlobals) = postSolution
		SolutionGuid = {67D74120-E528-4A78-A6A0-EFEBDCEC151D}
	EndGlobalSection
EndGlobal
